
Microsoft Visual Studio Solution File, Format Version 12.00
# Visual Studio Version 16
VisualStudioVersion = 16.0.32428.217
MinimumVisualStudioVersion = 10.0.40219.1
Project("{FAE04EC0-301F-11D3-BF4B-00C04F79EFBC}") = "AutoCode", "AutoCode.csproj", "{AD66B3FE-97AE-46FE-8B8F-FB219E54ACA8}"
EndProject
Project("{FAE04EC0-301F-11D3-BF4B-00C04F79EFBC}") = "ServiceLayer", "ServiceLayer\ServiceLayer.csproj", "{8670B55E-56A6-403C-9BBB-A44AF558765B}"
EndProject
Project("{FAE04EC0-301F-11D3-BF4B-00C04F79EFBC}") = "DataAccessLayer", "DataAccessLayer\DataAccessLayer.csproj", "{C23E841D-504A-4BD6-BDEE-2BCA65B6666B}"
EndProject
Project("{FAE04EC0-301F-11D3-BF4B-00C04F79EFBC}") = "ParametersLayer", "Parameters\ParametersLayer.csproj", "{EEF696B8-F999-4D74-9D0C-317EE2982768}"
EndProject
Global
	GlobalSection(SolutionConfigurationPlatforms) = preSolution
		Debug|Any CPU = Debug|Any CPU
		Release|Any CPU = Release|Any CPU
	EndGlobalSection
	GlobalSection(ProjectConfigurationPlatforms) = postSolution
		{AD66B3FE-97AE-46FE-8B8F-FB219E54ACA8}.Debug|Any CPU.ActiveCfg = Debug|Any CPU
		{AD66B3FE-97AE-46FE-8B8F-FB219E54ACA8}.Debug|Any CPU.Build.0 = Debug|Any CPU
		{AD66B3FE-97AE-46FE-8B8F-FB219E54ACA8}.Release|Any CPU.ActiveCfg = Release|Any CPU
		{AD66B3FE-97AE-46FE-8B8F-FB219E54ACA8}.Release|Any CPU.Build.0 = Release|Any CPU
		{8670B55E-56A6-403C-9BBB-A44AF558765B}.Debug|Any CPU.ActiveCfg = Debug|Any CPU
		{8670B55E-56A6-403C-9BBB-A44AF558765B}.Debug|Any CPU.Build.0 = Debug|Any CPU
		{8670B55E-56A6-403C-9BBB-A44AF558765B}.Release|Any CPU.ActiveCfg = Release|Any CPU
		{8670B55E-56A6-403C-9BBB-A44AF558765B}.Release|Any CPU.Build.0 = Release|Any CPU
		{C23E841D-504A-4BD6-BDEE-2BCA65B6666B}.Debug|Any CPU.ActiveCfg = Debug|Any CPU
		{C23E841D-504A-4BD6-BDEE-2BCA65B6666B}.Debug|Any CPU.Build.0 = Debug|Any CPU
		{C23E841D-504A-4BD6-BDEE-2BCA65B6666B}.Release|Any CPU.ActiveCfg = Release|Any CPU
		{C23E841D-504A-4BD6-BDEE-2BCA65B6666B}.Release|Any CPU.Build.0 = Release|Any CPU
		{EEF696B8-F999-4D74-9D0C-317EE2982768}.Debug|Any CPU.ActiveCfg = Debug|Any CPU
		{EEF696B8-F999-4D74-9D0C-317EE2982768}.Debug|Any CPU.Build.0 = Debug|Any CPU
		{EEF696B8-F999-4D74-9D0C-317EE2982768}.Release|Any CPU.ActiveCfg = Release|Any CPU
		{EEF696B8-F999-4D74-9D0C-317EE2982768}.Release|Any CPU.Build.0 = Release|Any CPU
	EndGlobalSection
	GlobalSection(SolutionProperties) = preSolution
		HideSolutionNode = FALSE
	EndGlobalSection
	GlobalSection(ExtensibilityGlobals) = postSolution
		SolutionGuid = {5C81E22E-6DFF-44FE-95A2-BFEBA4F5FA44}
	EndGlobalSection
EndGlobal
